
Microsoft Visual Studio Solution File, Format Version 12.00
# Visual Studio Version 17
VisualStudioVersion = 17.11.35303.130
MinimumVisualStudioVersion = 10.0.40219.1
Project("{FAE04EC0-301F-11D3-BF4B-00C04F79EFBC}") = "NiOP4", "NiOP4\NiOP4.csproj", "{56BEB40E-6DEA-4E68-A132-935B0970CB18}"
EndProject
Global
	GlobalSection(SolutionConfigurationPlatforms) = preSolution
		Debug|Any CPU = Debug|Any CPU
		Release|Any CPU = Release|Any CPU
	EndGlobalSection
	GlobalSection(ProjectConfigurationPlatforms) = postSolution
		{56BEB40E-6DEA-4E68-A132-935B0970CB18}.Debug|Any CPU.ActiveCfg = Debug|Any CPU
		{56BEB40E-6DEA-4E68-A132-935B0970CB18}.Debug|Any CPU.Build.0 = Debug|Any CPU
		{56BEB40E-6DEA-4E68-A132-935B0970CB18}.Release|Any CPU.ActiveCfg = Release|Any CPU
		{56BEB40E-6DEA-4E68-A132-935B0970CB18}.Release|Any CPU.Build.0 = Release|Any CPU
	EndGlobalSection
	GlobalSection(SolutionProperties) = preSolution
		HideSolutionNode = FALSE
	EndGlobalSection
	GlobalSection(ExtensibilityGlobals) = postSolution
		SolutionGuid = {976A54A6-3034-4C18-B877-75E1929D8F31}
	EndGlobalSection
EndGlobal
